
Microsoft Visual Studio Solution File, Format Version 12.00
# Visual Studio 14
VisualStudioVersion = 14.0.25420.1
MinimumVisualStudioVersion = 10.0.40219.1
Project("{FAE04EC0-301F-11D3-BF4B-00C04F79EFBC}") = "If", "If\If.csproj", "{B7A44380-5D4D-4786-BD04-B1EEB81EB1EF}"
EndProject
Global
	GlobalSection(SolutionConfigurationPlatforms) = preSolution
		Debug|Any CPU = Debug|Any CPU
		Release|Any CPU = Release|Any CPU
	EndGlobalSection
	GlobalSection(ProjectConfigurationPlatforms) = postSolution
		{B7A44380-5D4D-4786-BD04-B1EEB81EB1EF}.Debug|Any CPU.ActiveCfg = Debug|Any CPU
		{B7A44380-5D4D-4786-BD04-B1EEB81EB1EF}.Debug|Any CPU.Build.0 = Debug|Any CPU
		{B7A44380-5D4D-4786-BD04-B1EEB81EB1EF}.Release|Any CPU.ActiveCfg = Release|Any CPU
		{B7A44380-5D4D-4786-BD04-B1EEB81EB1EF}.Release|Any CPU.Build.0 = Release|Any CPU
	EndGlobalSection
	GlobalSection(SolutionProperties) = preSolution
		HideSolutionNode = FALSE
	EndGlobalSection
EndGlobal
