
Microsoft Visual Studio Solution File, Format Version 12.00
# Visual Studio 14
VisualStudioVersion = 14.0.25420.1
MinimumVisualStudioVersion = 10.0.40219.1
Project("{FAE04EC0-301F-11D3-BF4B-00C04F79EFBC}") = "WebRequest1", "WebRequest\WebRequest1.csproj", "{AE836DCF-5833-4372-9FE3-B20EFE984330}"
EndProject
Global
	GlobalSection(SolutionConfigurationPlatforms) = preSolution
		Debug|Any CPU = Debug|Any CPU
		Release|Any CPU = Release|Any CPU
	EndGlobalSection
	GlobalSection(ProjectConfigurationPlatforms) = postSolution
		{AE836DCF-5833-4372-9FE3-B20EFE984330}.Debug|Any CPU.ActiveCfg = Debug|Any CPU
		{AE836DCF-5833-4372-9FE3-B20EFE984330}.Debug|Any CPU.Build.0 = Debug|Any CPU
		{AE836DCF-5833-4372-9FE3-B20EFE984330}.Release|Any CPU.ActiveCfg = Release|Any CPU
		{AE836DCF-5833-4372-9FE3-B20EFE984330}.Release|Any CPU.Build.0 = Release|Any CPU
	EndGlobalSection
	GlobalSection(SolutionProperties) = preSolution
		HideSolutionNode = FALSE
	EndGlobalSection
EndGlobal
